
Microsoft Visual Studio Solution File, Format Version 12.00
# Visual Studio Version 16
VisualStudioVersion = 16.0.29020.237
MinimumVisualStudioVersion = 10.0.40219.1
Project("{FAE04EC0-301F-11D3-BF4B-00C04F79EFBC}") = "TrendAudioFromSpotify.Service", "TrendAudioFromSpotify.Service\TrendAudioFromSpotify.Service.csproj", "{30A341E0-8E7A-4A00-927D-D31914561717}"
EndProject
Project("{FAE04EC0-301F-11D3-BF4B-00C04F79EFBC}") = "TrendAudioFromSpotify.UI", "TrendAudioFromSpotify.UI\TrendAudioFromSpotify.UI.csproj", "{99A4EC83-3E39-4CA2-A2A3-BCB040F81F79}"
EndProject
Project("{FAE04EC0-301F-11D3-BF4B-00C04F79EFBC}") = "TrendAudioFromSpotify.Data", "TrendAudioFromSpotify.Data\TrendAudioFromSpotify.Data.csproj", "{9D494909-8488-47EB-B746-A8EA1E03C7C4}"
EndProject
Global
	GlobalSection(SolutionConfigurationPlatforms) = preSolution
		Debug|Any CPU = Debug|Any CPU
		Release|Any CPU = Release|Any CPU
	EndGlobalSection
	GlobalSection(ProjectConfigurationPlatforms) = postSolution
		{30A341E0-8E7A-4A00-927D-D31914561717}.Debug|Any CPU.ActiveCfg = Debug|Any CPU
		{30A341E0-8E7A-4A00-927D-D31914561717}.Debug|Any CPU.Build.0 = Debug|Any CPU
		{30A341E0-8E7A-4A00-927D-D31914561717}.Release|Any CPU.ActiveCfg = Release|Any CPU
		{30A341E0-8E7A-4A00-927D-D31914561717}.Release|Any CPU.Build.0 = Release|Any CPU
		{99A4EC83-3E39-4CA2-A2A3-BCB040F81F79}.Debug|Any CPU.ActiveCfg = Debug|Any CPU
		{99A4EC83-3E39-4CA2-A2A3-BCB040F81F79}.Debug|Any CPU.Build.0 = Debug|Any CPU
		{99A4EC83-3E39-4CA2-A2A3-BCB040F81F79}.Release|Any CPU.ActiveCfg = Release|Any CPU
		{99A4EC83-3E39-4CA2-A2A3-BCB040F81F79}.Release|Any CPU.Build.0 = Release|Any CPU
		{9D494909-8488-47EB-B746-A8EA1E03C7C4}.Debug|Any CPU.ActiveCfg = Debug|Any CPU
		{9D494909-8488-47EB-B746-A8EA1E03C7C4}.Debug|Any CPU.Build.0 = Debug|Any CPU
		{9D494909-8488-47EB-B746-A8EA1E03C7C4}.Release|Any CPU.ActiveCfg = Release|Any CPU
		{9D494909-8488-47EB-B746-A8EA1E03C7C4}.Release|Any CPU.Build.0 = Release|Any CPU
	EndGlobalSection
	GlobalSection(SolutionProperties) = preSolution
		HideSolutionNode = FALSE
	EndGlobalSection
	GlobalSection(ExtensibilityGlobals) = postSolution
		SolutionGuid = {72EE894D-C8C2-4016-A86A-FFB91015DF4F}
	EndGlobalSection
EndGlobal
